// !$*UTF8*$!
{
	archiveVersion = 1;
	classes = {
	};
	objectVersion = 50;
	objects = {

/* Begin PBXBuildFile section */
		4735B0C22115DBC6009D1323 /* AppDelegate.swift in Sources */ = {isa = PBXBuildFile; fileRef = 4735B0C12115DBC6009D1323 /* AppDelegate.swift */; };
		4735B0C42115DBC6009D1323 /* BaseViewController.swift in Sources */ = {isa = PBXBuildFile; fileRef = 4735B0C32115DBC6009D1323 /* BaseViewController.swift */; };
		4735B0C72115DBC6009D1323 /* Main.storyboard in Resources */ = {isa = PBXBuildFile; fileRef = 4735B0C52115DBC6009D1323 /* Main.storyboard */; };
		4735B0CA2115DBC6009D1323 /* SportsMatching.xcdatamodeld in Sources */ = {isa = PBXBuildFile; fileRef = 4735B0C82115DBC6009D1323 /* SportsMatching.xcdatamodeld */; };
		4735B0CC2115DBC9009D1323 /* Assets.xcassets in Resources */ = {isa = PBXBuildFile; fileRef = 4735B0CB2115DBC9009D1323 /* Assets.xcassets */; };
		4735B0CF2115DBC9009D1323 /* LaunchScreen.storyboard in Resources */ = {isa = PBXBuildFile; fileRef = 4735B0CD2115DBC9009D1323 /* LaunchScreen.storyboard */; };
		4735B0DD211896FB009D1323 /* SearchResultViewController.swift in Sources */ = {isa = PBXBuildFile; fileRef = 4735B0DC211896FB009D1323 /* SearchResultViewController.swift */; };
		4735B101211AEF2C009D1323 /* MailBoxViewController.swift in Sources */ = {isa = PBXBuildFile; fileRef = 4735B100211AEF2C009D1323 /* MailBoxViewController.swift */; };
		4735B103211AF1C4009D1323 /* MailBoxRecruiteViewController.swift in Sources */ = {isa = PBXBuildFile; fileRef = 4735B102211AF1C4009D1323 /* MailBoxRecruiteViewController.swift */; };
		4735B105211AF34A009D1323 /* MailBoxSearchViewController.swift in Sources */ = {isa = PBXBuildFile; fileRef = 4735B104211AF34A009D1323 /* MailBoxSearchViewController.swift */; };
		4735B107211C7B84009D1323 /* SignUpViewController.swift in Sources */ = {isa = PBXBuildFile; fileRef = 4735B106211C7B84009D1323 /* SignUpViewController.swift */; };
		4735B109211C8526009D1323 /* SignInViewController.swift in Sources */ = {isa = PBXBuildFile; fileRef = 4735B108211C8526009D1323 /* SignInViewController.swift */; };
		4735B10B211DCD63009D1323 /* MailViewController.swift in Sources */ = {isa = PBXBuildFile; fileRef = 4735B10A211DCD63009D1323 /* MailViewController.swift */; };
		4735B10D211DCD75009D1323 /* MailBoxMatsueViewController.swift in Sources */ = {isa = PBXBuildFile; fileRef = 4735B10C211DCD74009D1323 /* MailBoxMatsueViewController.swift */; };
		4735B11221232984009D1323 /* GoogleService-Info.plist in Resources */ = {isa = PBXBuildFile; fileRef = 4735B11121232984009D1323 /* GoogleService-Info.plist */; };
		4735B11F21295CA3009D1323 /* BaseFormViewController.swift in Sources */ = {isa = PBXBuildFile; fileRef = 4735B11E21295CA3009D1323 /* BaseFormViewController.swift */; };
		4735B12121295FA5009D1323 /* CreateProfileViewController.swift in Sources */ = {isa = PBXBuildFile; fileRef = 4735B12021295FA5009D1323 /* CreateProfileViewController.swift */; };
		4735B12321311590009D1323 /* MockMessage.swift in Sources */ = {isa = PBXBuildFile; fileRef = 4735B12221311590009D1323 /* MockMessage.swift */; };
		758EB0FB9270093A83F203D8 /* Pods_SportsMatching.framework in Frameworks */ = {isa = PBXBuildFile; fileRef = 8A32BBEB8E75216E6EACE267 /* Pods_SportsMatching.framework */; };
		CEA5CF952123BAFE00DE1FEE /* MyPageViewController.swift in Sources */ = {isa = PBXBuildFile; fileRef = CEA5CF942123BAFE00DE1FEE /* MyPageViewController.swift */; };
		CEA6552C212EE89100C4B94A /* MailBoxCell.swift in Sources */ = {isa = PBXBuildFile; fileRef = CEA6552B212EE89100C4B94A /* MailBoxCell.swift */; };
		CEA7FBCC211732C10004FF88 /* RecruiteViewController.swift in Sources */ = {isa = PBXBuildFile; fileRef = CEA7FBCB211732C10004FF88 /* RecruiteViewController.swift */; };
		CEBB289A211A9FBD00C7FFFE /* SerachResultCell.swift in Sources */ = {isa = PBXBuildFile; fileRef = CEBB2899211A9FBD00C7FFFE /* SerachResultCell.swift */; };
		CEBB28A0211AC05C00C7FFFE /* SearchResultDetailViewController.swift in Sources */ = {isa = PBXBuildFile; fileRef = CEBB289F211AC05C00C7FFFE /* SearchResultDetailViewController.swift */; };
		CEDCC4F8211BD3AA001DC758 /* SearchViewController.swift in Sources */ = {isa = PBXBuildFile; fileRef = CEDCC4F7211BD3AA001DC758 /* SearchViewController.swift */; };
/* End PBXBuildFile section */

/* Begin PBXFileReference section */
		4735B0BE2115DBC6009D1323 /* SportsMatching.app */ = {isa = PBXFileReference; explicitFileType = wrapper.application; includeInIndex = 0; path = SportsMatching.app; sourceTree = BUILT_PRODUCTS_DIR; };
		4735B0C12115DBC6009D1323 /* AppDelegate.swift */ = {isa = PBXFileReference; lastKnownFileType = sourcecode.swift; path = AppDelegate.swift; sourceTree = "<group>"; };
		4735B0C32115DBC6009D1323 /* BaseViewController.swift */ = {isa = PBXFileReference; lastKnownFileType = sourcecode.swift; path = BaseViewController.swift; sourceTree = "<group>"; };
		4735B0C62115DBC6009D1323 /* Base */ = {isa = PBXFileReference; lastKnownFileType = file.storyboard; name = Base; path = Base.lproj/Main.storyboard; sourceTree = "<group>"; };
		4735B0C92115DBC6009D1323 /* SportsMatching.xcdatamodel */ = {isa = PBXFileReference; lastKnownFileType = wrapper.xcdatamodel; path = SportsMatching.xcdatamodel; sourceTree = "<group>"; };
		4735B0CB2115DBC9009D1323 /* Assets.xcassets */ = {isa = PBXFileReference; lastKnownFileType = folder.assetcatalog; path = Assets.xcassets; sourceTree = "<group>"; };
		4735B0CE2115DBC9009D1323 /* Base */ = {isa = PBXFileReference; lastKnownFileType = file.storyboard; name = Base; path = Base.lproj/LaunchScreen.storyboard; sourceTree = "<group>"; };
		4735B0D02115DBC9009D1323 /* Info.plist */ = {isa = PBXFileReference; lastKnownFileType = text.plist.xml; path = Info.plist; sourceTree = "<group>"; };
		4735B0DC211896FB009D1323 /* SearchResultViewController.swift */ = {isa = PBXFileReference; lastKnownFileType = sourcecode.swift; path = SearchResultViewController.swift; sourceTree = "<group>"; };
		4735B100211AEF2C009D1323 /* MailBoxViewController.swift */ = {isa = PBXFileReference; lastKnownFileType = sourcecode.swift; path = MailBoxViewController.swift; sourceTree = "<group>"; };
		4735B102211AF1C4009D1323 /* MailBoxRecruiteViewController.swift */ = {isa = PBXFileReference; lastKnownFileType = sourcecode.swift; path = MailBoxRecruiteViewController.swift; sourceTree = "<group>"; };
		4735B104211AF34A009D1323 /* MailBoxSearchViewController.swift */ = {isa = PBXFileReference; lastKnownFileType = sourcecode.swift; path = MailBoxSearchViewController.swift; sourceTree = "<group>"; };
		4735B106211C7B84009D1323 /* SignUpViewController.swift */ = {isa = PBXFileReference; lastKnownFileType = sourcecode.swift; path = SignUpViewController.swift; sourceTree = "<group>"; };
		4735B108211C8526009D1323 /* SignInViewController.swift */ = {isa = PBXFileReference; lastKnownFileType = sourcecode.swift; path = SignInViewController.swift; sourceTree = "<group>"; };
		4735B10A211DCD63009D1323 /* MailViewController.swift */ = {isa = PBXFileReference; lastKnownFileType = sourcecode.swift; path = MailViewController.swift; sourceTree = "<group>"; };
		4735B10C211DCD74009D1323 /* MailBoxMatsueViewController.swift */ = {isa = PBXFileReference; lastKnownFileType = sourcecode.swift; path = MailBoxMatsueViewController.swift; sourceTree = "<group>"; };
		4735B10E21231B6D009D1323 /* SportsMatching.entitlements */ = {isa = PBXFileReference; lastKnownFileType = text.plist.entitlements; path = SportsMatching.entitlements; sourceTree = "<group>"; };
		4735B11121232984009D1323 /* GoogleService-Info.plist */ = {isa = PBXFileReference; fileEncoding = 4; lastKnownFileType = text.plist.xml; path = "GoogleService-Info.plist"; sourceTree = "<group>"; };
		4735B11E21295CA3009D1323 /* BaseFormViewController.swift */ = {isa = PBXFileReference; lastKnownFileType = sourcecode.swift; path = BaseFormViewController.swift; sourceTree = "<group>"; };
		4735B12021295FA5009D1323 /* CreateProfileViewController.swift */ = {isa = PBXFileReference; lastKnownFileType = sourcecode.swift; path = CreateProfileViewController.swift; sourceTree = "<group>"; };
		4735B12221311590009D1323 /* MockMessage.swift */ = {isa = PBXFileReference; lastKnownFileType = sourcecode.swift; path = MockMessage.swift; sourceTree = "<group>"; };
		7C7EF586745D6367B67B1C34 /* Pods-SportsMatching.debug.xcconfig */ = {isa = PBXFileReference; includeInIndex = 1; lastKnownFileType = text.xcconfig; name = "Pods-SportsMatching.debug.xcconfig"; path = "Pods/Target Support Files/Pods-SportsMatching/Pods-SportsMatching.debug.xcconfig"; sourceTree = "<group>"; };
		8A32BBEB8E75216E6EACE267 /* Pods_SportsMatching.framework */ = {isa = PBXFileReference; explicitFileType = wrapper.framework; includeInIndex = 0; path = Pods_SportsMatching.framework; sourceTree = BUILT_PRODUCTS_DIR; };
		9E3DACCC8E3E7940618BA26B /* Pods-SportsMatching.release.xcconfig */ = {isa = PBXFileReference; includeInIndex = 1; lastKnownFileType = text.xcconfig; name = "Pods-SportsMatching.release.xcconfig"; path = "Pods/Target Support Files/Pods-SportsMatching/Pods-SportsMatching.release.xcconfig"; sourceTree = "<group>"; };
		CEA5CF942123BAFE00DE1FEE /* MyPageViewController.swift */ = {isa = PBXFileReference; lastKnownFileType = sourcecode.swift; path = MyPageViewController.swift; sourceTree = "<group>"; };
		CEA6552B212EE89100C4B94A /* MailBoxCell.swift */ = {isa = PBXFileReference; lastKnownFileType = sourcecode.swift; path = MailBoxCell.swift; sourceTree = "<group>"; };
		CEA7FBCB211732C10004FF88 /* RecruiteViewController.swift */ = {isa = PBXFileReference; fileEncoding = 4; lastKnownFileType = sourcecode.swift; path = RecruiteViewController.swift; sourceTree = "<group>"; };
		CEBB2899211A9FBD00C7FFFE /* SerachResultCell.swift */ = {isa = PBXFileReference; fileEncoding = 4; lastKnownFileType = sourcecode.swift; path = SerachResultCell.swift; sourceTree = "<group>"; };
		CEBB289F211AC05C00C7FFFE /* SearchResultDetailViewController.swift */ = {isa = PBXFileReference; fileEncoding = 4; lastKnownFileType = sourcecode.swift; path = SearchResultDetailViewController.swift; sourceTree = "<group>"; };
		CEDCC4F7211BD3AA001DC758 /* SearchViewController.swift */ = {isa = PBXFileReference; lastKnownFileType = sourcecode.swift; path = SearchViewController.swift; sourceTree = "<group>"; };
/* End PBXFileReference section */

/* Begin PBXFrameworksBuildPhase section */
		4735B0BB2115DBC6009D1323 /* Frameworks */ = {
			isa = PBXFrameworksBuildPhase;
			buildActionMask = 2147483647;
			files = (
				758EB0FB9270093A83F203D8 /* Pods_SportsMatching.framework in Frameworks */,
			);
			runOnlyForDeploymentPostprocessing = 0;
		};
/* End PBXFrameworksBuildPhase section */

/* Begin PBXGroup section */
		02E29C852A38F96B5B0D959B /* Pods */ = {
			isa = PBXGroup;
			children = (
				7C7EF586745D6367B67B1C34 /* Pods-SportsMatching.debug.xcconfig */,
				9E3DACCC8E3E7940618BA26B /* Pods-SportsMatching.release.xcconfig */,
			);
			name = Pods;
			sourceTree = "<group>";
		};
		10D87E0139896F5AA7B83EC7 /* Frameworks */ = {
			isa = PBXGroup;
			children = (
				8A32BBEB8E75216E6EACE267 /* Pods_SportsMatching.framework */,
			);
			name = Frameworks;
			sourceTree = "<group>";
		};
		4735B0B52115DBC6009D1323 = {
			isa = PBXGroup;
			children = (
				4735B0C02115DBC6009D1323 /* SportsMatching */,
				4735B0BF2115DBC6009D1323 /* Products */,
				02E29C852A38F96B5B0D959B /* Pods */,
				10D87E0139896F5AA7B83EC7 /* Frameworks */,
			);
			sourceTree = "<group>";
		};
		4735B0BF2115DBC6009D1323 /* Products */ = {
			isa = PBXGroup;
			children = (
				4735B0BE2115DBC6009D1323 /* SportsMatching.app */,
			);
			name = Products;
			sourceTree = "<group>";
		};
		4735B0C02115DBC6009D1323 /* SportsMatching */ = {
			isa = PBXGroup;
			children = (
				4735B10E21231B6D009D1323 /* SportsMatching.entitlements */,
				4735B0C12115DBC6009D1323 /* AppDelegate.swift */,
				4735B0C32115DBC6009D1323 /* BaseViewController.swift */,
				4735B11E21295CA3009D1323 /* BaseFormViewController.swift */,
				CEA5CF942123BAFE00DE1FEE /* MyPageViewController.swift */,
				4735B12021295FA5009D1323 /* CreateProfileViewController.swift */,
				4735B106211C7B84009D1323 /* SignUpViewController.swift */,
				4735B108211C8526009D1323 /* SignInViewController.swift */,
				CEA7FBCB211732C10004FF88 /* RecruiteViewController.swift */,
				CEDCC4F7211BD3AA001DC758 /* SearchViewController.swift */,
				4735B0DC211896FB009D1323 /* SearchResultViewController.swift */,
				CEBB289F211AC05C00C7FFFE /* SearchResultDetailViewController.swift */,
				CEBB2899211A9FBD00C7FFFE /* SerachResultCell.swift */,
				4735B0C52115DBC6009D1323 /* Main.storyboard */,
				4735B100211AEF2C009D1323 /* MailBoxViewController.swift */,
				4735B102211AF1C4009D1323 /* MailBoxRecruiteViewController.swift */,
				4735B104211AF34A009D1323 /* MailBoxSearchViewController.swift */,
				CEA6552B212EE89100C4B94A /* MailBoxCell.swift */,
				4735B10A211DCD63009D1323 /* MailViewController.swift */,
				4735B12221311590009D1323 /* MockMessage.swift */,
				4735B0CB2115DBC9009D1323 /* Assets.xcassets */,
				4735B10C211DCD74009D1323 /* MailBoxMatsueViewController.swift */,
				4735B0CD2115DBC9009D1323 /* LaunchScreen.storyboard */,
				4735B0D02115DBC9009D1323 /* Info.plist */,
				4735B11121232984009D1323 /* GoogleService-Info.plist */,
				4735B0C82115DBC6009D1323 /* SportsMatching.xcdatamodeld */,
			);
			path = SportsMatching;
			sourceTree = "<group>";
		};
/* End PBXGroup section */

/* Begin PBXNativeTarget section */
		4735B0BD2115DBC6009D1323 /* SportsMatching */ = {
			isa = PBXNativeTarget;
			buildConfigurationList = 4735B0D32115DBC9009D1323 /* Build configuration list for PBXNativeTarget "SportsMatching" */;
			buildPhases = (
				DBB6B1F534DC18DC9E2F58A6 /* [CP] Check Pods Manifest.lock */,
				4735B0BA2115DBC6009D1323 /* Sources */,
				4735B0BB2115DBC6009D1323 /* Frameworks */,
				4735B0BC2115DBC6009D1323 /* Resources */,
				F16195D7FE39DE814AF66A4D /* [CP] Embed Pods Frameworks */,
				84D3EACF09678F59F8B88BFA /* [CP] Copy Pods Resources */,
			);
			buildRules = (
			);
			dependencies = (
			);
			name = SportsMatching;
			productName = SportsMatching;
			productReference = 4735B0BE2115DBC6009D1323 /* SportsMatching.app */;
			productType = "com.apple.product-type.application";
		};
/* End PBXNativeTarget section */

/* Begin PBXProject section */
		4735B0B62115DBC6009D1323 /* Project object */ = {
			isa = PBXProject;
			attributes = {
				LastSwiftUpdateCheck = 0940;
				LastUpgradeCheck = 0940;
				ORGANIZATIONNAME = iosearn;
				TargetAttributes = {
					4735B0BD2115DBC6009D1323 = {
						CreatedOnToolsVersion = 9.4.1;
						SystemCapabilities = {
							com.apple.BackgroundModes = {
								enabled = 1;
							};
							com.apple.Push = {
								enabled = 1;
							};
						};
					};
				};
			};
			buildConfigurationList = 4735B0B92115DBC6009D1323 /* Build configuration list for PBXProject "SportsMatching" */;
			compatibilityVersion = "Xcode 9.3";
			developmentRegion = en;
			hasScannedForEncodings = 0;
			knownRegions = (
				en,
				Base,
			);
			mainGroup = 4735B0B52115DBC6009D1323;
			productRefGroup = 4735B0BF2115DBC6009D1323 /* Products */;
			projectDirPath = "";
			projectRoot = "";
			targets = (
				4735B0BD2115DBC6009D1323 /* SportsMatching */,
			);
		};
/* End PBXProject section */

/* Begin PBXResourcesBuildPhase section */
		4735B0BC2115DBC6009D1323 /* Resources */ = {
			isa = PBXResourcesBuildPhase;
			buildActionMask = 2147483647;
			files = (
				4735B0CF2115DBC9009D1323 /* LaunchScreen.storyboard in Resources */,
				4735B0CC2115DBC9009D1323 /* Assets.xcassets in Resources */,
				4735B11221232984009D1323 /* GoogleService-Info.plist in Resources */,
				4735B0C72115DBC6009D1323 /* Main.storyboard in Resources */,
			);
			runOnlyForDeploymentPostprocessing = 0;
		};
/* End PBXResourcesBuildPhase section */

/* Begin PBXShellScriptBuildPhase section */
		84D3EACF09678F59F8B88BFA /* [CP] Copy Pods Resources */ = {
			isa = PBXShellScriptBuildPhase;
			buildActionMask = 2147483647;
			files = (
			);
			inputPaths = (
				"${SRCROOT}/Pods/Target Support Files/Pods-SportsMatching/Pods-SportsMatching-resources.sh",
				"${PODS_ROOT}/GoogleSignIn/Resources/GoogleSignIn.bundle",
			);
			name = "[CP] Copy Pods Resources";
			outputPaths = (
				"${TARGET_BUILD_DIR}/${UNLOCALIZED_RESOURCES_FOLDER_PATH}/GoogleSignIn.bundle",
			);
			runOnlyForDeploymentPostprocessing = 0;
			shellPath = /bin/sh;
			shellScript = "\"${SRCROOT}/Pods/Target Support Files/Pods-SportsMatching/Pods-SportsMatching-resources.sh\"\n";
			showEnvVarsInLog = 0;
		};
		DBB6B1F534DC18DC9E2F58A6 /* [CP] Check Pods Manifest.lock */ = {
			isa = PBXShellScriptBuildPhase;
			buildActionMask = 2147483647;
			files = (
			);
			inputPaths = (
				"${PODS_PODFILE_DIR_PATH}/Podfile.lock",
				"${PODS_ROOT}/Manifest.lock",
			);
			name = "[CP] Check Pods Manifest.lock";
			outputPaths = (
				"$(DERIVED_FILE_DIR)/Pods-SportsMatching-checkManifestLockResult.txt",
			);
			runOnlyForDeploymentPostprocessing = 0;
			shellPath = /bin/sh;
			shellScript = "diff \"${PODS_PODFILE_DIR_PATH}/Podfile.lock\" \"${PODS_ROOT}/Manifest.lock\" > /dev/null\nif [ $? != 0 ] ; then\n    # print error to STDERR\n    echo \"error: The sandbox is not in sync with the Podfile.lock. Run 'pod install' or update your CocoaPods installation.\" >&2\n    exit 1\nfi\n# This output is used by Xcode 'outputs' to avoid re-running this script phase.\necho \"SUCCESS\" > \"${SCRIPT_OUTPUT_FILE_0}\"\n";
			showEnvVarsInLog = 0;
		};
		F16195D7FE39DE814AF66A4D /* [CP] Embed Pods Frameworks */ = {
			isa = PBXShellScriptBuildPhase;
			buildActionMask = 2147483647;
			files = (
			);
			inputPaths = (
				"${SRCROOT}/Pods/Target Support Files/Pods-SportsMatching/Pods-SportsMatching-frameworks.sh",
				"${BUILT_PRODUCTS_DIR}/Bolts/Bolts.framework",
				"${BUILT_PRODUCTS_DIR}/BoringSSL/openssl.framework",
				"${BUILT_PRODUCTS_DIR}/DZNEmptyDataSet/DZNEmptyDataSet.framework",
				"${BUILT_PRODUCTS_DIR}/Eureka/Eureka.framework",
				"${BUILT_PRODUCTS_DIR}/FBSDKCoreKit/FBSDKCoreKit.framework",
				"${BUILT_PRODUCTS_DIR}/FBSDKLoginKit/FBSDKLoginKit.framework",
				"${BUILT_PRODUCTS_DIR}/FacebookCore/FacebookCore.framework",
				"${BUILT_PRODUCTS_DIR}/FacebookLogin/FacebookLogin.framework",
				"${BUILT_PRODUCTS_DIR}/GTMOAuth2/GTMOAuth2.framework",
				"${BUILT_PRODUCTS_DIR}/GTMSessionFetcher/GTMSessionFetcher.framework",
				"${BUILT_PRODUCTS_DIR}/GoogleToolboxForMac/GoogleToolboxForMac.framework",
				"${BUILT_PRODUCTS_DIR}/GoogleUtilities/GoogleUtilities.framework",
				"${BUILT_PRODUCTS_DIR}/ImageRow/ImageRow.framework",
				"${BUILT_PRODUCTS_DIR}/JSQMessagesViewController/JSQMessagesViewController.framework",
				"${BUILT_PRODUCTS_DIR}/JSQSystemSoundPlayer/JSQSystemSoundPlayer.framework",
				"${BUILT_PRODUCTS_DIR}/MessageKit/MessageKit.framework",
				"${BUILT_PRODUCTS_DIR}/Protobuf/Protobuf.framework",
				"${BUILT_PRODUCTS_DIR}/SVProgressHUD/SVProgressHUD.framework",
				"${BUILT_PRODUCTS_DIR}/XLPagerTabStrip/XLPagerTabStrip.framework",
				"${BUILT_PRODUCTS_DIR}/gRPC/GRPCClient.framework",
				"${BUILT_PRODUCTS_DIR}/gRPC-Core/grpc.framework",
				"${BUILT_PRODUCTS_DIR}/gRPC-ProtoRPC/ProtoRPC.framework",
				"${BUILT_PRODUCTS_DIR}/gRPC-RxLibrary/RxLibrary.framework",
				"${BUILT_PRODUCTS_DIR}/leveldb-library/leveldb.framework",
				"${BUILT_PRODUCTS_DIR}/nanopb/nanopb.framework",
			);
			name = "[CP] Embed Pods Frameworks";
			outputPaths = (
				"${TARGET_BUILD_DIR}/${FRAMEWORKS_FOLDER_PATH}/Bolts.framework",
				"${TARGET_BUILD_DIR}/${FRAMEWORKS_FOLDER_PATH}/openssl.framework",
				"${TARGET_BUILD_DIR}/${FRAMEWORKS_FOLDER_PATH}/DZNEmptyDataSet.framework",
				"${TARGET_BUILD_DIR}/${FRAMEWORKS_FOLDER_PATH}/Eureka.framework",
				"${TARGET_BUILD_DIR}/${FRAMEWORKS_FOLDER_PATH}/FBSDKCoreKit.framework",
				"${TARGET_BUILD_DIR}/${FRAMEWORKS_FOLDER_PATH}/FBSDKLoginKit.framework",
				"${TARGET_BUILD_DIR}/${FRAMEWORKS_FOLDER_PATH}/FacebookCore.framework",
				"${TARGET_BUILD_DIR}/${FRAMEWORKS_FOLDER_PATH}/FacebookLogin.framework",
				"${TARGET_BUILD_DIR}/${FRAMEWORKS_FOLDER_PATH}/GTMOAuth2.framework",
				"${TARGET_BUILD_DIR}/${FRAMEWORKS_FOLDER_PATH}/GTMSessionFetcher.framework",
				"${TARGET_BUILD_DIR}/${FRAMEWORKS_FOLDER_PATH}/GoogleToolboxForMac.framework",
				"${TARGET_BUILD_DIR}/${FRAMEWORKS_FOLDER_PATH}/GoogleUtilities.framework",
				"${TARGET_BUILD_DIR}/${FRAMEWORKS_FOLDER_PATH}/ImageRow.framework",
				"${TARGET_BUILD_DIR}/${FRAMEWORKS_FOLDER_PATH}/JSQMessagesViewController.framework",
				"${TARGET_BUILD_DIR}/${FRAMEWORKS_FOLDER_PATH}/JSQSystemSoundPlayer.framework",
				"${TARGET_BUILD_DIR}/${FRAMEWORKS_FOLDER_PATH}/MessageKit.framework",
				"${TARGET_BUILD_DIR}/${FRAMEWORKS_FOLDER_PATH}/Protobuf.framework",
				"${TARGET_BUILD_DIR}/${FRAMEWORKS_FOLDER_PATH}/SVProgressHUD.framework",
				"${TARGET_BUILD_DIR}/${FRAMEWORKS_FOLDER_PATH}/XLPagerTabStrip.framework",
				"${TARGET_BUILD_DIR}/${FRAMEWORKS_FOLDER_PATH}/GRPCClient.framework",
				"${TARGET_BUILD_DIR}/${FRAMEWORKS_FOLDER_PATH}/grpc.framework",
				"${TARGET_BUILD_DIR}/${FRAMEWORKS_FOLDER_PATH}/ProtoRPC.framework",
				"${TARGET_BUILD_DIR}/${FRAMEWORKS_FOLDER_PATH}/RxLibrary.framework",
				"${TARGET_BUILD_DIR}/${FRAMEWORKS_FOLDER_PATH}/leveldb.framework",
				"${TARGET_BUILD_DIR}/${FRAMEWORKS_FOLDER_PATH}/nanopb.framework",
			);
			runOnlyForDeploymentPostprocessing = 0;
			shellPath = /bin/sh;
			shellScript = "\"${SRCROOT}/Pods/Target Support Files/Pods-SportsMatching/Pods-SportsMatching-frameworks.sh\"\n";
			showEnvVarsInLog = 0;
		};
/* End PBXShellScriptBuildPhase section */

/* Begin PBXSourcesBuildPhase section */
		4735B0BA2115DBC6009D1323 /* Sources */ = {
			isa = PBXSourcesBuildPhase;
			buildActionMask = 2147483647;
			files = (
				4735B12321311590009D1323 /* MockMessage.swift in Sources */,
				4735B0CA2115DBC6009D1323 /* SportsMatching.xcdatamodeld in Sources */,
				CEDCC4F8211BD3AA001DC758 /* SearchViewController.swift in Sources */,
				4735B101211AEF2C009D1323 /* MailBoxViewController.swift in Sources */,
				4735B10D211DCD75009D1323 /* MailBoxMatsueViewController.swift in Sources */,
				CEA7FBCC211732C10004FF88 /* RecruiteViewController.swift in Sources */,
				4735B107211C7B84009D1323 /* SignUpViewController.swift in Sources */,
				4735B109211C8526009D1323 /* SignInViewController.swift in Sources */,
				CEA5CF952123BAFE00DE1FEE /* MyPageViewController.swift in Sources */,
				CEA6552C212EE89100C4B94A /* MailBoxCell.swift in Sources */,
				4735B11F21295CA3009D1323 /* BaseFormViewController.swift in Sources */,
				4735B0DD211896FB009D1323 /* SearchResultViewController.swift in Sources */,
				4735B12121295FA5009D1323 /* CreateProfileViewController.swift in Sources */,
				4735B103211AF1C4009D1323 /* MailBoxRecruiteViewController.swift in Sources */,
				4735B105211AF34A009D1323 /* MailBoxSearchViewController.swift in Sources */,
				4735B0C42115DBC6009D1323 /* BaseViewController.swift in Sources */,
				CEBB289A211A9FBD00C7FFFE /* SerachResultCell.swift in Sources */,
				4735B0C22115DBC6009D1323 /* AppDelegate.swift in Sources */,
				4735B10B211DCD63009D1323 /* MailViewController.swift in Sources */,
				CEBB28A0211AC05C00C7FFFE /* SearchResultDetailViewController.swift in Sources */,
			);
			runOnlyForDeploymentPostprocessing = 0;
		};
/* End PBXSourcesBuildPhase section */

/* Begin PBXVariantGroup section */
		4735B0C52115DBC6009D1323 /* Main.storyboard */ = {
			isa = PBXVariantGroup;
			children = (
				4735B0C62115DBC6009D1323 /* Base */,
			);
			name = Main.storyboard;
			sourceTree = "<group>";
		};
		4735B0CD2115DBC9009D1323 /* LaunchScreen.storyboard */ = {
			isa = PBXVariantGroup;
			children = (
				4735B0CE2115DBC9009D1323 /* Base */,
			);
			name = LaunchScreen.storyboard;
			sourceTree = "<group>";
		};
/* End PBXVariantGroup section */

/* Begin XCBuildConfiguration section */
		4735B0D12115DBC9009D1323 /* Debug */ = {
			isa = XCBuildConfiguration;
			buildSettings = {
				ALWAYS_SEARCH_USER_PATHS = NO;
				CLANG_ANALYZER_NONNULL = YES;
				CLANG_ANALYZER_NUMBER_OBJECT_CONVERSION = YES_AGGRESSIVE;
				CLANG_CXX_LANGUAGE_STANDARD = "gnu++14";
				CLANG_CXX_LIBRARY = "libc++";
				CLANG_ENABLE_MODULES = YES;
				CLANG_ENABLE_OBJC_ARC = YES;
				CLANG_ENABLE_OBJC_WEAK = YES;
				CLANG_WARN_BLOCK_CAPTURE_AUTORELEASING = YES;
				CLANG_WARN_BOOL_CONVERSION = YES;
				CLANG_WARN_COMMA = YES;
				CLANG_WARN_CONSTANT_CONVERSION = YES;
				CLANG_WARN_DEPRECATED_OBJC_IMPLEMENTATIONS = YES;
				CLANG_WARN_DIRECT_OBJC_ISA_USAGE = YES_ERROR;
				CLANG_WARN_DOCUMENTATION_COMMENTS = YES;
				CLANG_WARN_EMPTY_BODY = YES;
				CLANG_WARN_ENUM_CONVERSION = YES;
				CLANG_WARN_INFINITE_RECURSION = YES;
				CLANG_WARN_INT_CONVERSION = YES;
				CLANG_WARN_NON_LITERAL_NULL_CONVERSION = YES;
				CLANG_WARN_OBJC_IMPLICIT_RETAIN_SELF = YES;
				CLANG_WARN_OBJC_LITERAL_CONVERSION = YES;
				CLANG_WARN_OBJC_ROOT_CLASS = YES_ERROR;
				CLANG_WARN_RANGE_LOOP_ANALYSIS = YES;
				CLANG_WARN_STRICT_PROTOTYPES = YES;
				CLANG_WARN_SUSPICIOUS_MOVE = YES;
				CLANG_WARN_UNGUARDED_AVAILABILITY = YES_AGGRESSIVE;
				CLANG_WARN_UNREACHABLE_CODE = YES;
				CLANG_WARN__DUPLICATE_METHOD_MATCH = YES;
				CODE_SIGN_IDENTITY = "iPhone Developer";
				COPY_PHASE_STRIP = NO;
				DEBUG_INFORMATION_FORMAT = dwarf;
				ENABLE_STRICT_OBJC_MSGSEND = YES;
				ENABLE_TESTABILITY = YES;
				GCC_C_LANGUAGE_STANDARD = gnu11;
				GCC_DYNAMIC_NO_PIC = NO;
				GCC_NO_COMMON_BLOCKS = YES;
				GCC_OPTIMIZATION_LEVEL = 0;
				GCC_PREPROCESSOR_DEFINITIONS = (
					"DEBUG=1",
					"$(inherited)",
				);
				GCC_WARN_64_TO_32_BIT_CONVERSION = YES;
				GCC_WARN_ABOUT_RETURN_TYPE = YES_ERROR;
				GCC_WARN_UNDECLARED_SELECTOR = YES;
				GCC_WARN_UNINITIALIZED_AUTOS = YES_AGGRESSIVE;
				GCC_WARN_UNUSED_FUNCTION = YES;
				GCC_WARN_UNUSED_VARIABLE = YES;
				IPHONEOS_DEPLOYMENT_TARGET = 11.4;
				MTL_ENABLE_DEBUG_INFO = YES;
				ONLY_ACTIVE_ARCH = YES;
				SDKROOT = iphoneos;
				SWIFT_ACTIVE_COMPILATION_CONDITIONS = DEBUG;
				SWIFT_OPTIMIZATION_LEVEL = "-Onone";
			};
			name = Debug;
		};
		4735B0D22115DBC9009D1323 /* Release */ = {
			isa = XCBuildConfiguration;
			buildSettings = {
				ALWAYS_SEARCH_USER_PATHS = NO;
				CLANG_ANALYZER_NONNULL = YES;
				CLANG_ANALYZER_NUMBER_OBJECT_CONVERSION = YES_AGGRESSIVE;
				CLANG_CXX_LANGUAGE_STANDARD = "gnu++14";
				CLANG_CXX_LIBRARY = "libc++";
				CLANG_ENABLE_MODULES = YES;
				CLANG_ENABLE_OBJC_ARC = YES;
				CLANG_ENABLE_OBJC_WEAK = YES;
				CLANG_WARN_BLOCK_CAPTURE_AUTORELEASING = YES;
				CLANG_WARN_BOOL_CONVERSION = YES;
				CLANG_WARN_COMMA = YES;
				CLANG_WARN_CONSTANT_CONVERSION = YES;
				CLANG_WARN_DEPRECATED_OBJC_IMPLEMENTATIONS = YES;
				CLANG_WARN_DIRECT_OBJC_ISA_USAGE = YES_ERROR;
				CLANG_WARN_DOCUMENTATION_COMMENTS = YES;
				CLANG_WARN_EMPTY_BODY = YES;
				CLANG_WARN_ENUM_CONVERSION = YES;
				CLANG_WARN_INFINITE_RECURSION = YES;
				CLANG_WARN_INT_CONVERSION = YES;
				CLANG_WARN_NON_LITERAL_NULL_CONVERSION = YES;
				CLANG_WARN_OBJC_IMPLICIT_RETAIN_SELF = YES;
				CLANG_WARN_OBJC_LITERAL_CONVERSION = YES;
				CLANG_WARN_OBJC_ROOT_CLASS = YES_ERROR;
				CLANG_WARN_RANGE_LOOP_ANALYSIS = YES;
				CLANG_WARN_STRICT_PROTOTYPES = YES;
				CLANG_WARN_SUSPICIOUS_MOVE = YES;
				CLANG_WARN_UNGUARDED_AVAILABILITY = YES_AGGRESSIVE;
				CLANG_WARN_UNREACHABLE_CODE = YES;
				CLANG_WARN__DUPLICATE_METHOD_MATCH = YES;
				CODE_SIGN_IDENTITY = "iPhone Developer";
				COPY_PHASE_STRIP = NO;
				DEBUG_INFORMATION_FORMAT = "dwarf-with-dsym";
				ENABLE_NS_ASSERTIONS = NO;
				ENABLE_STRICT_OBJC_MSGSEND = YES;
				GCC_C_LANGUAGE_STANDARD = gnu11;
				GCC_NO_COMMON_BLOCKS = YES;
				GCC_WARN_64_TO_32_BIT_CONVERSION = YES;
				GCC_WARN_ABOUT_RETURN_TYPE = YES_ERROR;
				GCC_WARN_UNDECLARED_SELECTOR = YES;
				GCC_WARN_UNINITIALIZED_AUTOS = YES_AGGRESSIVE;
				GCC_WARN_UNUSED_FUNCTION = YES;
				GCC_WARN_UNUSED_VARIABLE = YES;
				IPHONEOS_DEPLOYMENT_TARGET = 11.4;
				MTL_ENABLE_DEBUG_INFO = NO;
				SDKROOT = iphoneos;
				SWIFT_COMPILATION_MODE = wholemodule;
				SWIFT_OPTIMIZATION_LEVEL = "-O";
				VALIDATE_PRODUCT = YES;
			};
			name = Release;
		};
		4735B0D42115DBC9009D1323 /* Debug */ = {
			isa = XCBuildConfiguration;
			baseConfigurationReference = 7C7EF586745D6367B67B1C34 /* Pods-SportsMatching.debug.xcconfig */;
			buildSettings = {
				ASSETCATALOG_COMPILER_APPICON_NAME = AppIcon;
				CODE_SIGN_ENTITLEMENTS = SportsMatching/SportsMatching.entitlements;
				CODE_SIGN_STYLE = Automatic;
				DEVELOPMENT_TEAM = DW345V9X47;
				INFOPLIST_FILE = SportsMatching/Info.plist;
				LD_RUNPATH_SEARCH_PATHS = (
					"$(inherited)",
					"@executable_path/Frameworks",
				);
				PRODUCT_BUNDLE_IDENTIFIER = jp.iosDeKasegu.SportsMatching;
				PRODUCT_NAME = "$(TARGET_NAME)";
				SWIFT_VERSION = 4.0;
				TARGETED_DEVICE_FAMILY = "1,2";
			};
			name = Debug;
		};
		4735B0D52115DBC9009D1323 /* Release */ = {
			isa = XCBuildConfiguration;
			baseConfigurationReference = 9E3DACCC8E3E7940618BA26B /* Pods-SportsMatching.release.xcconfig */;
			buildSettings = {
				ASSETCATALOG_COMPILER_APPICON_NAME = AppIcon;
				CODE_SIGN_ENTITLEMENTS = SportsMatching/SportsMatching.entitlements;
				CODE_SIGN_STYLE = Automatic;
				DEVELOPMENT_TEAM = DW345V9X47;
				INFOPLIST_FILE = SportsMatching/Info.plist;
				LD_RUNPATH_SEARCH_PATHS = (
					"$(inherited)",
					"@executable_path/Frameworks",
				);
				PRODUCT_BUNDLE_IDENTIFIER = jp.iosDeKasegu.SportsMatching;
				PRODUCT_NAME = "$(TARGET_NAME)";
				SWIFT_VERSION = 4.0;
				TARGETED_DEVICE_FAMILY = "1,2";
			};
			name = Release;
		};
/* End XCBuildConfiguration section */

/* Begin XCConfigurationList section */
		4735B0B92115DBC6009D1323 /* Build configuration list for PBXProject "SportsMatching" */ = {
			isa = XCConfigurationList;
			buildConfigurations = (
				4735B0D12115DBC9009D1323 /* Debug */,
				4735B0D22115DBC9009D1323 /* Release */,
			);
			defaultConfigurationIsVisible = 0;
			defaultConfigurationName = Release;
		};
		4735B0D32115DBC9009D1323 /* Build configuration list for PBXNativeTarget "SportsMatching" */ = {
			isa = XCConfigurationList;
			buildConfigurations = (
				4735B0D42115DBC9009D1323 /* Debug */,
				4735B0D52115DBC9009D1323 /* Release */,
			);
			defaultConfigurationIsVisible = 0;
			defaultConfigurationName = Release;
		};
/* End XCConfigurationList section */

/* Begin XCVersionGroup section */
		4735B0C82115DBC6009D1323 /* SportsMatching.xcdatamodeld */ = {
			isa = XCVersionGroup;
			children = (
				4735B0C92115DBC6009D1323 /* SportsMatching.xcdatamodel */,
			);
			currentVersion = 4735B0C92115DBC6009D1323 /* SportsMatching.xcdatamodel */;
			path = SportsMatching.xcdatamodeld;
			sourceTree = "<group>";
			versionGroupType = wrapper.xcdatamodel;
		};
/* End XCVersionGroup section */
	};
	rootObject = 4735B0B62115DBC6009D1323 /* Project object */;
}
